PODS:
  - BluetoothKit (0.4.0)
  - JSQMessagesViewController (7.3.4)

DEPENDENCIES:
  - BluetoothKit (~> 0.4.0)
  - JSQMessagesViewController (from `https://github.com/jessesquires/JSQMessagesViewController.git`, branch `develop`)

EXTERNAL SOURCES:
  JSQMessagesViewController:
    :branch: develop
    :git: https://github.com/jessesquires/JSQMessagesViewController.git

CHECKOUT OPTIONS:
  JSQMessagesViewController:
    :commit: 8f73f61b334356a7c3c728af065d1ec83ea242f4
    :git: https://github.com/jessesquires/JSQMessagesViewController.git

SPEC CHECKSUMS:
  BluetoothKit: 00e189e01ba765e2689c46fbd8d0ede62984441b
  JSQMessagesViewController: c11b9e77372ab72c45c67311f6da7342e32df1e8

PODFILE CHECKSUM: 24cd0c0c3ff586ce5f3bc226ef91762eec2747d6

COCOAPODS: 1.2.0
