// !$*UTF8*$!
{
	archiveVersion = 1;
	classes = {
	};
	objectVersion = 46;
	objects = {

/* Begin PBXBuildFile section */
		A8AFBC881F324C9A007A5FEE /* AppDelegate.swift in Sources */ = {isa = PBXBuildFile; fileRef = A8AFBC871F324C9A007A5FEE /* AppDelegate.swift */; };
		A8AFBC8A1F324C9A007A5FEE /* ViewController.swift in Sources */ = {isa = PBXBuildFile; fileRef = A8AFBC891F324C9A007A5FEE /* ViewController.swift */; };
		A8AFBC901F324C9A007A5FEE /* ios.xcdatamodeld in Sources */ = {isa = PBXBuildFile; fileRef = A8AFBC8E1F324C9A007A5FEE /* ios.xcdatamodeld */; };
		A8AFBC921F324C9A007A5FEE /* Assets.xcassets in Resources */ = {isa = PBXBuildFile; fileRef = A8AFBC911F324C9A007A5FEE /* Assets.xcassets */; };
		A8AFBC951F324C9A007A5FEE /* LaunchScreen.storyboard in Resources */ = {isa = PBXBuildFile; fileRef = A8AFBC931F324C9A007A5FEE /* LaunchScreen.storyboard */; };
/* End PBXBuildFile section */

/* Begin PBXFileReference section */
		A8AFBC841F324C9A007A5FEE /* ios.app */ = {isa = PBXFileReference; explicitFileType = wrapper.application; includeInIndex = 0; path = ios.app; sourceTree = BUILT_PRODUCTS_DIR; };
		A8AFBC871F324C9A007A5FEE /* AppDelegate.swift */ = {isa = PBXFileReference; lastKnownFileType = sourcecode.swift; path = AppDelegate.swift; sourceTree = "<group>"; };
		A8AFBC891F324C9A007A5FEE /* ViewController.swift */ = {isa = PBXFileReference; lastKnownFileType = sourcecode.swift; path = ViewController.swift; sourceTree = "<group>"; };
		A8AFBC8F1F324C9A007A5FEE /* ios.xcdatamodel */ = {isa = PBXFileReference; lastKnownFileType = wrapper.xcdatamodel; path = ios.xcdatamodel; sourceTree = "<group>"; };
		A8AFBC911F324C9A007A5FEE /* Assets.xcassets */ = {isa = PBXFileReference; lastKnownFileType = folder.assetcatalog; path = Assets.xcassets; sourceTree = "<group>"; };
		A8AFBC941F324C9A007A5FEE /* Base */ = {isa = PBXFileReference; lastKnownFileType = file.storyboard; name = Base; path = Base.lproj/LaunchScreen.storyboard; sourceTree = "<group>"; };
		A8AFBC961F324C9A007A5FEE /* Info.plist */ = {isa = PBXFileReference; lastKnownFileType = text.plist.xml; path = Info.plist; sourceTree = "<group>"; };
/* End PBXFileReference section */

/* Begin PBXFrameworksBuildPhase section */
		A8AFBC811F324C9A007A5FEE /* Frameworks */ = {
			isa = PBXFrameworksBuildPhase;
			buildActionMask = 2147483647;
			files = (
			);
			runOnlyForDeploymentPostprocessing = 0;
		};
/* End PBXFrameworksBuildPhase section */

/* Begin PBXGroup section */
		A8AFBC7B1F324C9A007A5FEE = {
			isa = PBXGroup;
			children = (
				A8AFBC861F324C9A007A5FEE /* ios */,
				A8AFBC851F324C9A007A5FEE /* Products */,
			);
			sourceTree = "<group>";
		};
		A8AFBC851F324C9A007A5FEE /* Products */ = {
			isa = PBXGroup;
			children = (
				A8AFBC841F324C9A007A5FEE /* ios.app */,
			);
			name = Products;
			sourceTree = "<group>";
		};
		A8AFBC861F324C9A007A5FEE /* ios */ = {
			isa = PBXGroup;
			children = (
				A8AFBC871F324C9A007A5FEE /* AppDelegate.swift */,
				A8AFBC891F324C9A007A5FEE /* ViewController.swift */,
				A8AFBC911F324C9A007A5FEE /* Assets.xcassets */,
				A8AFBC931F324C9A007A5FEE /* LaunchScreen.storyboard */,
				A8AFBC961F324C9A007A5FEE /* Info.plist */,
				A8AFBC8E1F324C9A007A5FEE /* ios.xcdatamodeld */,
			);
			path = ios;
			sourceTree = "<group>";
		};
/* End PBXGroup section */

/* Begin PBXNativeTarget section */
		A8AFBC831F324C9A007A5FEE /* ios */ = {
			isa = PBXNativeTarget;
			buildConfigurationList = A8AFBC991F324C9A007A5FEE /* Build configuration list for PBXNativeTarget "ios" */;
			buildPhases = (
				A8AFBC801F324C9A007A5FEE /* Sources */,
				A8AFBC811F324C9A007A5FEE /* Frameworks */,
				A8AFBC821F324C9A007A5FEE /* Resources */,
			);
			buildRules = (
			);
			dependencies = (
			);
			name = ios;
			productName = ios;
			productReference = A8AFBC841F324C9A007A5FEE /* ios.app */;
			productType = "com.apple.product-type.application";
		};
/* End PBXNativeTarget section */

/* Begin PBXProject section */
		A8AFBC7C1F324C9A007A5FEE /* Project object */ = {
			isa = PBXProject;
			attributes = {
				LastSwiftUpdateCheck = 0830;
				LastUpgradeCheck = 0830;
				ORGANIZATIONNAME = "Brandon Price";
				TargetAttributes = {
					A8AFBC831F324C9A007A5FEE = {
						CreatedOnToolsVersion = 8.3.3;
						DevelopmentTeam = 46YL5H8DDP;
						ProvisioningStyle = Automatic;
					};
				};
			};
			buildConfigurationList = A8AFBC7F1F324C9A007A5FEE /* Build configuration list for PBXProject "ios" */;
			compatibilityVersion = "Xcode 3.2";
			developmentRegion = English;
			hasScannedForEncodings = 0;
			knownRegions = (
				en,
				Base,
			);
			mainGroup = A8AFBC7B1F324C9A007A5FEE;
			productRefGroup = A8AFBC851F324C9A007A5FEE /* Products */;
			projectDirPath = "";
			projectRoot = "";
			targets = (
				A8AFBC831F324C9A007A5FEE /* ios */,
			);
		};
/* End PBXProject section */

/* Begin PBXResourcesBuildPhase section */
		A8AFBC821F324C9A007A5FEE /* Resources */ = {
			isa = PBXResourcesBuildPhase;
			buildActionMask = 2147483647;
			files = (
				A8AFBC951F324C9A007A5FEE /* LaunchScreen.storyboard in Resources */,
				A8AFBC921F324C9A007A5FEE /* Assets.xcassets in Resources */,
			);
			runOnlyForDeploymentPostprocessing = 0;
		};
/* End PBXResourcesBuildPhase section */

/* Begin PBXSourcesBuildPhase section */
		A8AFBC801F324C9A007A5FEE /* Sources */ = {
			isa = PBXSourcesBuildPhase;
			buildActionMask = 2147483647;
			files = (
				A8AFBC901F324C9A007A5FEE /* ios.xcdatamodeld in Sources */,
				A8AFBC8A1F324C9A007A5FEE /* ViewController.swift in Sources */,
				A8AFBC881F324C9A007A5FEE /* AppDelegate.swift in Sources */,
			);
			runOnlyForDeploymentPostprocessing = 0;
		};
/* End PBXSourcesBuildPhase section */

/* Begin PBXVariantGroup section */
		A8AFBC931F324C9A007A5FEE /* LaunchScreen.storyboard */ = {
			isa = PBXVariantGroup;
			children = (
				A8AFBC941F324C9A007A5FEE /* Base */,
			);
			name = LaunchScreen.storyboard;
			sourceTree = "<group>";
		};
/* End PBXVariantGroup section */

/* Begin XCBuildConfiguration section */
		A8AFBC971F324C9A007A5FEE /* Debug */ = {
			isa = XCBuildConfiguration;
			buildSettings = {
				ALWAYS_SEARCH_USER_PATHS = NO;
				CLANG_ANALYZER_NONNULL = YES;
				CLANG_ANALYZER_NUMBER_OBJECT_CONVERSION = YES_AGGRESSIVE;
				CLANG_CXX_LANGUAGE_STANDARD = "gnu++0x";
				CLANG_CXX_LIBRARY = "libc++";
				CLANG_ENABLE_MODULES = YES;
				CLANG_ENABLE_OBJC_ARC = YES;
				CLANG_WARN_BOOL_CONVERSION = YES;
				CLANG_WARN_CONSTANT_CONVERSION = YES;
				CLANG_WARN_DIRECT_OBJC_ISA_USAGE = YES_ERROR;
				CLANG_WARN_DOCUMENTATION_COMMENTS = YES;
				CLANG_WARN_EMPTY_BODY = YES;
				CLANG_WARN_ENUM_CONVERSION = YES;
				CLANG_WARN_INFINITE_RECURSION = YES;
				CLANG_WARN_INT_CONVERSION = YES;
				CLANG_WARN_OBJC_ROOT_CLASS = YES_ERROR;
				CLANG_WARN_SUSPICIOUS_MOVE = YES;
				CLANG_WARN_UNREACHABLE_CODE = YES;
				CLANG_WARN__DUPLICATE_METHOD_MATCH = YES;
				"CODE_SIGN_IDENTITY[sdk=iphoneos*]" = "iPhone Developer";
				COPY_PHASE_STRIP = NO;
				DEBUG_INFORMATION_FORMAT = dwarf;
				ENABLE_STRICT_OBJC_MSGSEND = YES;
				ENABLE_TESTABILITY = YES;
				GCC_C_LANGUAGE_STANDARD = gnu99;
				GCC_DYNAMIC_NO_PIC = NO;
				GCC_NO_COMMON_BLOCKS = YES;
				GCC_OPTIMIZATION_LEVEL = 0;
				GCC_PREPROCESSOR_DEFINITIONS = (
					"DEBUG=1",
					"$(inherited)",
				);
				GCC_WARN_64_TO_32_BIT_CONVERSION = YES;
				GCC_WARN_ABOUT_RETURN_TYPE = YES_ERROR;
				GCC_WARN_UNDECLARED_SELECTOR = YES;
				GCC_WARN_UNINITIALIZED_AUTOS = YES_AGGRESSIVE;
				GCC_WARN_UNUSED_FUNCTION = YES;
				GCC_WARN_UNUSED_VARIABLE = YES;
				IPHONEOS_DEPLOYMENT_TARGET = 10.3;
				MTL_ENABLE_DEBUG_INFO = YES;
				ONLY_ACTIVE_ARCH = YES;
				SDKROOT = iphoneos;
				SWIFT_ACTIVE_COMPILATION_CONDITIONS = DEBUG;
				SWIFT_OPTIMIZATION_LEVEL = "-Onone";
			};
			name = Debug;
		};
		A8AFBC981F324C9A007A5FEE /* Release */ = {
			isa = XCBuildConfiguration;
			buildSettings = {
				ALWAYS_SEARCH_USER_PATHS = NO;
				CLANG_ANALYZER_NONNULL = YES;
				CLANG_ANALYZER_NUMBER_OBJECT_CONVERSION = YES_AGGRESSIVE;
				CLANG_CXX_LANGUAGE_STANDARD = "gnu++0x";
				CLANG_CXX_LIBRARY = "libc++";
				CLANG_ENABLE_MODULES = YES;
				CLANG_ENABLE_OBJC_ARC = YES;
				CLANG_WARN_BOOL_CONVERSION = YES;
				CLANG_WARN_CONSTANT_CONVERSION = YES;
				CLANG_WARN_DIRECT_OBJC_ISA_USAGE = YES_ERROR;
				CLANG_WARN_DOCUMENTATION_COMMENTS = YES;
				CLANG_WARN_EMPTY_BODY = YES;
				CLANG_WARN_ENUM_CONVERSION = YES;
				CLANG_WARN_INFINITE_RECURSION = YES;
				CLANG_WARN_INT_CONVERSION = YES;
				CLANG_WARN_OBJC_ROOT_CLASS = YES_ERROR;
				CLANG_WARN_SUSPICIOUS_MOVE = YES;
				CLANG_WARN_UNREACHABLE_CODE = YES;
				CLANG_WARN__DUPLICATE_METHOD_MATCH = YES;
				"CODE_SIGN_IDENTITY[sdk=iphoneos*]" = "iPhone Developer";
				COPY_PHASE_STRIP = NO;
				DEBUG_INFORMATION_FORMAT = "dwarf-with-dsym";
				ENABLE_NS_ASSERTIONS = NO;
				ENABLE_STRICT_OBJC_MSGSEND = YES;
				GCC_C_LANGUAGE_STANDARD = gnu99;
				GCC_NO_COMMON_BLOCKS = YES;
				GCC_WARN_64_TO_32_BIT_CONVERSION = YES;
				GCC_WARN_ABOUT_RETURN_TYPE = YES_ERROR;
				GCC_WARN_UNDECLARED_SELECTOR = YES;
				GCC_WARN_UNINITIALIZED_AUTOS = YES_AGGRESSIVE;
				GCC_WARN_UNUSED_FUNCTION = YES;
				GCC_WARN_UNUSED_VARIABLE = YES;
				IPHONEOS_DEPLOYMENT_TARGET = 10.3;
				MTL_ENABLE_DEBUG_INFO = NO;
				SDKROOT = iphoneos;
				SWIFT_OPTIMIZATION_LEVEL = "-Owholemodule";
				VALIDATE_PRODUCT = YES;
			};
			name = Release;
		};
		A8AFBC9A1F324C9A007A5FEE /* Debug */ = {
			isa = XCBuildConfiguration;
			buildSettings = {
				ASSETCATALOG_COMPILER_APPICON_NAME = AppIcon;
				DEVELOPMENT_TEAM = 46YL5H8DDP;
				INFOPLIST_FILE = ios/Info.plist;
				LD_RUNPATH_SEARCH_PATHS = "$(inherited) @executable_path/Frameworks";
				PRODUCT_BUNDLE_IDENTIFIER = BEPco.ios;
				PRODUCT_NAME = "$(TARGET_NAME)";
				SWIFT_VERSION = 3.0;
			};
			name = Debug;
		};
		A8AFBC9B1F324C9A007A5FEE /* Release */ = {
			isa = XCBuildConfiguration;
			buildSettings = {
				ASSETCATALOG_COMPILER_APPICON_NAME = AppIcon;
				DEVELOPMENT_TEAM = 46YL5H8DDP;
				INFOPLIST_FILE = ios/Info.plist;
				LD_RUNPATH_SEARCH_PATHS = "$(inherited) @executable_path/Frameworks";
				PRODUCT_BUNDLE_IDENTIFIER = BEPco.ios;
				PRODUCT_NAME = "$(TARGET_NAME)";
				SWIFT_VERSION = 3.0;
			};
			name = Release;
		};
/* End XCBuildConfiguration section */

/* Begin XCConfigurationList section */
		A8AFBC7F1F324C9A007A5FEE /* Build configuration list for PBXProject "ios" */ = {
			isa = XCConfigurationList;
			buildConfigurations = (
				A8AFBC971F324C9A007A5FEE /* Debug */,
				A8AFBC981F324C9A007A5FEE /* Release */,
			);
			defaultConfigurationIsVisible = 0;
			defaultConfigurationName = Release;
		};
		A8AFBC991F324C9A007A5FEE /* Build configuration list for PBXNativeTarget "ios" */ = {
			isa = XCConfigurationList;
			buildConfigurations = (
				A8AFBC9A1F324C9A007A5FEE /* Debug */,
				A8AFBC9B1F324C9A007A5FEE /* Release */,
			);
			defaultConfigurationIsVisible = 0;
		};
/* End XCConfigurationList section */

/* Begin XCVersionGroup section */
		A8AFBC8E1F324C9A007A5FEE /* ios.xcdatamodeld */ = {
			isa = XCVersionGroup;
			children = (
				A8AFBC8F1F324C9A007A5FEE /* ios.xcdatamodel */,
			);
			currentVersion = A8AFBC8F1F324C9A007A5FEE /* ios.xcdatamodel */;
			path = ios.xcdatamodeld;
			sourceTree = "<group>";
			versionGroupType = wrapper.xcdatamodel;
		};
/* End XCVersionGroup section */
	};
	rootObject = A8AFBC7C1F324C9A007A5FEE /* Project object */;
}
